// !$*UTF8*$!
{
	archiveVersion = 1;
	classes = {
	};
	objectVersion = 50;
	objects = {

/* Begin PBXBuildFile section */
		69E317D826491D0400C310C9 /* AppDelegate.swift in Sources */ = {isa = PBXBuildFile; fileRef = 69E317D726491D0400C310C9 /* AppDelegate.swift */; };
		69E317DA26491D0400C310C9 /* SceneDelegate.swift in Sources */ = {isa = PBXBuildFile; fileRef = 69E317D926491D0400C310C9 /* SceneDelegate.swift */; };
		69E317DC26491D0400C310C9 /* ViewController.swift in Sources */ = {isa = PBXBuildFile; fileRef = 69E317DB26491D0400C310C9 /* ViewController.swift */; };
		69E317DF26491D0400C310C9 /* Main.storyboard in Resources */ = {isa = PBXBuildFile; fileRef = 69E317DD26491D0400C310C9 /* Main.storyboard */; };
		69E317E126491D0600C310C9 /* Assets.xcassets in Resources */ = {isa = PBXBuildFile; fileRef = 69E317E026491D0600C310C9 /* Assets.xcassets */; };
		69E317E426491D0600C310C9 /* LaunchScreen.storyboard in Resources */ = {isa = PBXBuildFile; fileRef = 69E317E226491D0600C310C9 /* LaunchScreen.storyboard */; };
		69E317EF26491D0700C310C9 /* Cafe_ManagerTests.swift in Sources */ = {isa = PBXBuildFile; fileRef = 69E317EE26491D0700C310C9 /* Cafe_ManagerTests.swift */; };
		69E317FA26491D0700C310C9 /* Cafe_ManagerUITests.swift in Sources */ = {isa = PBXBuildFile; fileRef = 69E317F926491D0700C310C9 /* Cafe_ManagerUITests.swift */; };
/* End PBXBuildFile section */

/* Begin PBXContainerItemProxy section */
		69E317EB26491D0700C310C9 /* PBXContainerItemProxy */ = {
			isa = PBXContainerItemProxy;
			containerPortal = 69E317CC26491D0400C310C9 /* Project object */;
			proxyType = 1;
			remoteGlobalIDString = 69E317D326491D0400C310C9;
			remoteInfo = "Cafe~Manager";
		};
		69E317F626491D0700C310C9 /* PBXContainerItemProxy */ = {
			isa = PBXContainerItemProxy;
			containerPortal = 69E317CC26491D0400C310C9 /* Project object */;
			proxyType = 1;
			remoteGlobalIDString = 69E317D326491D0400C310C9;
			remoteInfo = "Cafe~Manager";
		};
/* End PBXContainerItemProxy section */

/* Begin PBXFileReference section */
		69E317D426491D0400C310C9 /* Cafe~Manager.app */ = {isa = PBXFileReference; explicitFileType = wrapper.application; includeInIndex = 0; path = "Cafe~Manager.app"; sourceTree = BUILT_PRODUCTS_DIR; };
		69E317D726491D0400C310C9 /* AppDelegate.swift */ = {isa = PBXFileReference; lastKnownFileType = sourcecode.swift; path = AppDelegate.swift; sourceTree = "<group>"; };
		69E317D926491D0400C310C9 /* SceneDelegate.swift */ = {isa = PBXFileReference; lastKnownFileType = sourcecode.swift; path = SceneDelegate.swift; sourceTree = "<group>"; };
		69E317DB26491D0400C310C9 /* ViewController.swift */ = {isa = PBXFileReference; lastKnownFileType = sourcecode.swift; path = ViewController.swift; sourceTree = "<group>"; };
		69E317DE26491D0400C310C9 /* Base */ = {isa = PBXFileReference; lastKnownFileType = file.storyboard; name = Base; path = Base.lproj/Main.storyboard; sourceTree = "<group>"; };
		69E317E026491D0600C310C9 /* Assets.xcassets */ = {isa = PBXFileReference; lastKnownFileType = folder.assetcatalog; path = Assets.xcassets; sourceTree = "<group>"; };
		69E317E326491D0600C310C9 /* Base */ = {isa = PBXFileReference; lastKnownFileType = file.storyboard; name = Base; path = Base.lproj/LaunchScreen.storyboard; sourceTree = "<group>"; };
		69E317E526491D0600C310C9 /* Info.plist */ = {isa = PBXFileReference; lastKnownFileType = text.plist.xml; path = Info.plist; sourceTree = "<group>"; };
		69E317EA26491D0700C310C9 /* Cafe~ManagerTests.xctest */ = {isa = PBXFileReference; explicitFileType = wrapper.cfbundle; includeInIndex = 0; path = "Cafe~ManagerTests.xctest"; sourceTree = BUILT_PRODUCTS_DIR; };
		69E317EE26491D0700C310C9 /* Cafe_ManagerTests.swift */ = {isa = PBXFileReference; lastKnownFileType = sourcecode.swift; path = Cafe_ManagerTests.swift; sourceTree = "<group>"; };
		69E317F026491D0700C310C9 /* Info.plist */ = {isa = PBXFileReference; lastKnownFileType = text.plist.xml; path = Info.plist; sourceTree = "<group>"; };
		69E317F526491D0700C310C9 /* Cafe~ManagerUITests.xctest */ = {isa = PBXFileReference; explicitFileType = wrapper.cfbundle; includeInIndex = 0; path = "Cafe~ManagerUITests.xctest"; sourceTree = BUILT_PRODUCTS_DIR; };
		69E317F926491D0700C310C9 /* Cafe_ManagerUITests.swift */ = {isa = PBXFileReference; lastKnownFileType = sourcecode.swift; path = Cafe_ManagerUITests.swift; sourceTree = "<group>"; };
		69E317FB26491D0700C310C9 /* Info.plist */ = {isa = PBXFileReference; lastKnownFileType = text.plist.xml; path = Info.plist; sourceTree = "<group>"; };
/* End PBXFileReference section */

/* Begin PBXFrameworksBuildPhase section */
		69E317D126491D0400C310C9 /* Frameworks */ = {
			isa = PBXFrameworksBuildPhase;
			buildActionMask = 2147483647;
			files = (
			);
			runOnlyForDeploymentPostprocessing = 0;
		};
		69E317E726491D0700C310C9 /* Frameworks */ = {
			isa = PBXFrameworksBuildPhase;
			buildActionMask = 2147483647;
			files = (
			);
			runOnlyForDeploymentPostprocessing = 0;
		};
		69E317F226491D0700C310C9 /* Frameworks */ = {
			isa = PBXFrameworksBuildPhase;
			buildActionMask = 2147483647;
			files = (
			);
			runOnlyForDeploymentPostprocessing = 0;
		};
/* End PBXFrameworksBuildPhase section */

/* Begin PBXGroup section */
		69E317CB26491D0400C310C9 = {
			isa = PBXGroup;
			children = (
				69E317D626491D0400C310C9 /* Cafe~Manager */,
				69E317ED26491D0700C310C9 /* Cafe~ManagerTests */,
				69E317F826491D0700C310C9 /* Cafe~ManagerUITests */,
				69E317D526491D0400C310C9 /* Products */,
			);
			sourceTree = "<group>";
		};
		69E317D526491D0400C310C9 /* Products */ = {
			isa = PBXGroup;
			children = (
				69E317D426491D0400C310C9 /* Cafe~Manager.app */,
				69E317EA26491D0700C310C9 /* Cafe~ManagerTests.xctest */,
				69E317F526491D0700C310C9 /* Cafe~ManagerUITests.xctest */,
			);
			name = Products;
			sourceTree = "<group>";
		};
		69E317D626491D0400C310C9 /* Cafe~Manager */ = {
			isa = PBXGroup;
			children = (
				69E317D726491D0400C310C9 /* AppDelegate.swift */,
				69E317D926491D0400C310C9 /* SceneDelegate.swift */,
				69E317DB26491D0400C310C9 /* ViewController.swift */,
				69E317DD26491D0400C310C9 /* Main.storyboard */,
				69E317E026491D0600C310C9 /* Assets.xcassets */,
				69E317E226491D0600C310C9 /* LaunchScreen.storyboard */,
				69E317E526491D0600C310C9 /* Info.plist */,
			);
			path = "Cafe~Manager";
			sourceTree = "<group>";
		};
		69E317ED26491D0700C310C9 /* Cafe~ManagerTests */ = {
			isa = PBXGroup;
			children = (
				69E317EE26491D0700C310C9 /* Cafe_ManagerTests.swift */,
				69E317F026491D0700C310C9 /* Info.plist */,
			);
			path = "Cafe~ManagerTests";
			sourceTree = "<group>";
		};
		69E317F826491D0700C310C9 /* Cafe~ManagerUITests */ = {
			isa = PBXGroup;
			children = (
				69E317F926491D0700C310C9 /* Cafe_ManagerUITests.swift */,
				69E317FB26491D0700C310C9 /* Info.plist */,
			);
			path = "Cafe~ManagerUITests";
			sourceTree = "<group>";
		};
/* End PBXGroup section */

/* Begin PBXNativeTarget section */
		69E317D326491D0400C310C9 /* Cafe~Manager */ = {
			isa = PBXNativeTarget;
			buildConfigurationList = 69E317FE26491D0700C310C9 /* Build configuration list for PBXNativeTarget "Cafe~Manager" */;
			buildPhases = (
				69E317D026491D0400C310C9 /* Sources */,
				69E317D126491D0400C310C9 /* Frameworks */,
				69E317D226491D0400C310C9 /* Resources */,
			);
			buildRules = (
			);
			dependencies = (
			);
			name = "Cafe~Manager";
			productName = "Cafe~Manager";
			productReference = 69E317D426491D0400C310C9 /* Cafe~Manager.app */;
			productType = "com.apple.product-type.application";
		};
		69E317E926491D0700C310C9 /* Cafe~ManagerTests */ = {
			isa = PBXNativeTarget;
			buildConfigurationList = 69E3180126491D0700C310C9 /* Build configuration list for PBXNativeTarget "Cafe~ManagerTests" */;
			buildPhases = (
				69E317E626491D0700C310C9 /* Sources */,
				69E317E726491D0700C310C9 /* Frameworks */,
				69E317E826491D0700C310C9 /* Resources */,
			);
			buildRules = (
			);
			dependencies = (
				69E317EC26491D0700C310C9 /* PBXTargetDependency */,
			);
			name = "Cafe~ManagerTests";
			productName = "Cafe~ManagerTests";
			productReference = 69E317EA26491D0700C310C9 /* Cafe~ManagerTests.xctest */;
			productType = "com.apple.product-type.bundle.unit-test";
		};
		69E317F426491D0700C310C9 /* Cafe~ManagerUITests */ = {
			isa = PBXNativeTarget;
			buildConfigurationList = 69E3180426491D0700C310C9 /* Build configuration list for PBXNativeTarget "Cafe~ManagerUITests" */;
			buildPhases = (
				69E317F126491D0700C310C9 /* Sources */,
				69E317F226491D0700C310C9 /* Frameworks */,
				69E317F326491D0700C310C9 /* Resources */,
			);
			buildRules = (
			);
			dependencies = (
				69E317F726491D0700C310C9 /* PBXTargetDependency */,
			);
			name = "Cafe~ManagerUITests";
			productName = "Cafe~ManagerUITests";
			productReference = 69E317F526491D0700C310C9 /* Cafe~ManagerUITests.xctest */;
			productType = "com.apple.product-type.bundle.ui-testing";
		};
/* End PBXNativeTarget section */

/* Begin PBXProject section */
		69E317CC26491D0400C310C9 /* Project object */ = {
			isa = PBXProject;
			attributes = {
				LastSwiftUpdateCheck = 1240;
				LastUpgradeCheck = 1240;
				TargetAttributes = {
					69E317D326491D0400C310C9 = {
						CreatedOnToolsVersion = 12.4;
					};
					69E317E926491D0700C310C9 = {
						CreatedOnToolsVersion = 12.4;
						TestTargetID = 69E317D326491D0400C310C9;
					};
					69E317F426491D0700C310C9 = {
						CreatedOnToolsVersion = 12.4;
						TestTargetID = 69E317D326491D0400C310C9;
					};
				};
			};
			buildConfigurationList = 69E317CF26491D0400C310C9 /* Build configuration list for PBXProject "Cafe~Manager" */;
			compatibilityVersion = "Xcode 9.3";
			developmentRegion = en;
			hasScannedForEncodings = 0;
			knownRegions = (
				en,
				Base,
			);
			mainGroup = 69E317CB26491D0400C310C9;
			productRefGroup = 69E317D526491D0400C310C9 /* Products */;
			projectDirPath = "";
			projectRoot = "";
			targets = (
				69E317D326491D0400C310C9 /* Cafe~Manager */,
				69E317E926491D0700C310C9 /* Cafe~ManagerTests */,
				69E317F426491D0700C310C9 /* Cafe~ManagerUITests */,
			);
		};
/* End PBXProject section */

/* Begin PBXResourcesBuildPhase section */
		69E317D226491D0400C310C9 /* Resources */ = {
			isa = PBXResourcesBuildPhase;
			buildActionMask = 2147483647;
			files = (
				69E317E426491D0600C310C9 /* LaunchScreen.storyboard in Resources */,
				69E317E126491D0600C310C9 /* Assets.xcassets in Resources */,
				69E317DF26491D0400C310C9 /* Main.storyboard in Resources */,
			);
			runOnlyForDeploymentPostprocessing = 0;
		};
		69E317E826491D0700C310C9 /* Resources */ = {
			isa = PBXResourcesBuildPhase;
			buildActionMask = 2147483647;
			files = (
			);
			runOnlyForDeploymentPostprocessing = 0;
		};
		69E317F326491D0700C310C9 /* Resources */ = {
			isa = PBXResourcesBuildPhase;
			buildActionMask = 2147483647;
			files = (
			);
			runOnlyForDeploymentPostprocessing = 0;
		};
/* End PBXResourcesBuildPhase section */

/* Begin PBXSourcesBuildPhase section */
		69E317D026491D0400C310C9 /* Sources */ = {
			isa = PBXSourcesBuildPhase;
			buildActionMask = 2147483647;
			files = (
				69E317DC26491D0400C310C9 /* ViewController.swift in Sources */,
				69E317D826491D0400C310C9 /* AppDelegate.swift in Sources */,
				69E317DA26491D0400C310C9 /* SceneDelegate.swift in Sources */,
			);
			runOnlyForDeploymentPostprocessing = 0;
		};
		69E317E626491D0700C310C9 /* Sources */ = {
			isa = PBXSourcesBuildPhase;
			buildActionMask = 2147483647;
			files = (
				69E317EF26491D0700C310C9 /* Cafe_ManagerTests.swift in Sources */,
			);
			runOnlyForDeploymentPostprocessing = 0;
		};
		69E317F126491D0700C310C9 /* Sources */ = {
			isa = PBXSourcesBuildPhase;
			buildActionMask = 2147483647;
			files = (
				69E317FA26491D0700C310C9 /* Cafe_ManagerUITests.swift in Sources */,
			);
			runOnlyForDeploymentPostprocessing = 0;
		};
/* End PBXSourcesBuildPhase section */

/* Begin PBXTargetDependency section */
		69E317EC26491D0700C310C9 /* PBXTargetDependency */ = {
			isa = PBXTargetDependency;
			target = 69E317D326491D0400C310C9 /* Cafe~Manager */;
			targetProxy = 69E317EB26491D0700C310C9 /* PBXContainerItemProxy */;
		};
		69E317F726491D0700C310C9 /* PBXTargetDependency */ = {
			isa = PBXTargetDependency;
			target = 69E317D326491D0400C310C9 /* Cafe~Manager */;
			targetProxy = 69E317F626491D0700C310C9 /* PBXContainerItemProxy */;
		};
/* End PBXTargetDependency section */

/* Begin PBXVariantGroup section */
		69E317DD26491D0400C310C9 /* Main.storyboard */ = {
			isa = PBXVariantGroup;
			children = (
				69E317DE26491D0400C310C9 /* Base */,
			);
			name = Main.storyboard;
			sourceTree = "<group>";
		};
		69E317E226491D0600C310C9 /* LaunchScreen.storyboard */ = {
			isa = PBXVariantGroup;
			children = (
				69E317E326491D0600C310C9 /* Base */,
			);
			name = LaunchScreen.storyboard;
			sourceTree = "<group>";
		};
/* End PBXVariantGroup section */

/* Begin XCBuildConfiguration section */
		69E317FC26491D0700C310C9 /* Debug */ = {
			isa = XCBuildConfiguration;
			buildSettings = {
				ALWAYS_SEARCH_USER_PATHS = NO;
				CLANG_ANALYZER_NONNULL = YES;
				CLANG_ANALYZER_NUMBER_OBJECT_CONVERSION = YES_AGGRESSIVE;
				CLANG_CXX_LANGUAGE_STANDARD = "gnu++14";
				CLANG_CXX_LIBRARY = "libc++";
				CLANG_ENABLE_MODULES = YES;
				CLANG_ENABLE_OBJC_ARC = YES;
				CLANG_ENABLE_OBJC_WEAK = YES;
				CLANG_WARN_BLOCK_CAPTURE_AUTORELEASING = YES;
				CLANG_WARN_BOOL_CONVERSION = YES;
				CLANG_WARN_COMMA = YES;
				CLANG_WARN_CONSTANT_CONVERSION = YES;
				CLANG_WARN_DEPRECATED_OBJC_IMPLEMENTATIONS = YES;
				CLANG_WARN_DIRECT_OBJC_ISA_USAGE = YES_ERROR;
				CLANG_WARN_DOCUMENTATION_COMMENTS = YES;
				CLANG_WARN_EMPTY_BODY = YES;
				CLANG_WARN_ENUM_CONVERSION = YES;
				CLANG_WARN_INFINITE_RECURSION = YES;
				CLANG_WARN_INT_CONVERSION = YES;
				CLANG_WARN_NON_LITERAL_NULL_CONVERSION = YES;
				CLANG_WARN_OBJC_IMPLICIT_RETAIN_SELF = YES;
				CLANG_WARN_OBJC_LITERAL_CONVERSION = YES;
				CLANG_WARN_OBJC_ROOT_CLASS = YES_ERROR;
				CLANG_WARN_QUOTED_INCLUDE_IN_FRAMEWORK_HEADER = YES;
				CLANG_WARN_RANGE_LOOP_ANALYSIS = YES;
				CLANG_WARN_STRICT_PROTOTYPES = YES;
				CLANG_WARN_SUSPICIOUS_MOVE = YES;
				CLANG_WARN_UNGUARDED_AVAILABILITY = YES_AGGRESSIVE;
				CLANG_WARN_UNREACHABLE_CODE = YES;
				CLANG_WARN__DUPLICATE_METHOD_MATCH = YES;
				COPY_PHASE_STRIP = NO;
				DEBUG_INFORMATION_FORMAT = dwarf;
				ENABLE_STRICT_OBJC_MSGSEND = YES;
				ENABLE_TESTABILITY = YES;
				GCC_C_LANGUAGE_STANDARD = gnu11;
				GCC_DYNAMIC_NO_PIC = NO;
				GCC_NO_COMMON_BLOCKS = YES;
				GCC_OPTIMIZATION_LEVEL = 0;
				GCC_PREPROCESSOR_DEFINITIONS = (
					"DEBUG=1",
					"$(inherited)",
				);
				GCC_WARN_64_TO_32_BIT_CONVERSION = YES;
				GCC_WARN_ABOUT_RETURN_TYPE = YES_ERROR;
				GCC_WARN_UNDECLARED_SELECTOR = YES;
				GCC_WARN_UNINITIALIZED_AUTOS = YES_AGGRESSIVE;
				GCC_WARN_UNUSED_FUNCTION = YES;
				GCC_WARN_UNUSED_VARIABLE = YES;
				IPHONEOS_DEPLOYMENT_TARGET = 14.4;
				MTL_ENABLE_DEBUG_INFO = INCLUDE_SOURCE;
				MTL_FAST_MATH = YES;
				ONLY_ACTIVE_ARCH = YES;
				SDKROOT = iphoneos;
				SWIFT_ACTIVE_COMPILATION_CONDITIONS = DEBUG;
				SWIFT_OPTIMIZATION_LEVEL = "-Onone";
			};
			name = Debug;
		};
		69E317FD26491D0700C310C9 /* Release */ = {
			isa = XCBuildConfiguration;
			buildSettings = {
				ALWAYS_SEARCH_USER_PATHS = NO;
				CLANG_ANALYZER_NONNULL = YES;
				CLANG_ANALYZER_NUMBER_OBJECT_CONVERSION = YES_AGGRESSIVE;
				CLANG_CXX_LANGUAGE_STANDARD = "gnu++14";
				CLANG_CXX_LIBRARY = "libc++";
				CLANG_ENABLE_MODULES = YES;
				CLANG_ENABLE_OBJC_ARC = YES;
				CLANG_ENABLE_OBJC_WEAK = YES;
				CLANG_WARN_BLOCK_CAPTURE_AUTORELEASING = YES;
				CLANG_WARN_BOOL_CONVERSION = YES;
				CLANG_WARN_COMMA = YES;
				CLANG_WARN_CONSTANT_CONVERSION = YES;
				CLANG_WARN_DEPRECATED_OBJC_IMPLEMENTATIONS = YES;
				CLANG_WARN_DIRECT_OBJC_ISA_USAGE = YES_ERROR;
				CLANG_WARN_DOCUMENTATION_COMMENTS = YES;
				CLANG_WARN_EMPTY_BODY = YES;
				CLANG_WARN_ENUM_CONVERSION = YES;
				CLANG_WARN_INFINITE_RECURSION = YES;
				CLANG_WARN_INT_CONVERSION = YES;
				CLANG_WARN_NON_LITERAL_NULL_CONVERSION = YES;
				CLANG_WARN_OBJC_IMPLICIT_RETAIN_SELF = YES;
				CLANG_WARN_OBJC_LITERAL_CONVERSION = YES;
				CLANG_WARN_OBJC_ROOT_CLASS = YES_ERROR;
				CLANG_WARN_QUOTED_INCLUDE_IN_FRAMEWORK_HEADER = YES;
				CLANG_WARN_RANGE_LOOP_ANALYSIS = YES;
				CLANG_WARN_STRICT_PROTOTYPES = YES;
				CLANG_WARN_SUSPICIOUS_MOVE = YES;
				CLANG_WARN_UNGUARDED_AVAILABILITY = YES_AGGRESSIVE;
				CLANG_WARN_UNREACHABLE_CODE = YES;
				CLANG_WARN__DUPLICATE_METHOD_MATCH = YES;
				COPY_PHASE_STRIP = NO;
				DEBUG_INFORMATION_FORMAT = "dwarf-with-dsym";
				ENABLE_NS_ASSERTIONS = NO;
				ENABLE_STRICT_OBJC_MSGSEND = YES;
				GCC_C_LANGUAGE_STANDARD = gnu11;
				GCC_NO_COMMON_BLOCKS = YES;
				GCC_WARN_64_TO_32_BIT_CONVERSION = YES;
				GCC_WARN_ABOUT_RETURN_TYPE = YES_ERROR;
				GCC_WARN_UNDECLARED_SELECTOR = YES;
				GCC_WARN_UNINITIALIZED_AUTOS = YES_AGGRESSIVE;
				GCC_WARN_UNUSED_FUNCTION = YES;
				GCC_WARN_UNUSED_VARIABLE = YES;
				IPHONEOS_DEPLOYMENT_TARGET = 14.4;
				MTL_ENABLE_DEBUG_INFO = NO;
				MTL_FAST_MATH = YES;
				SDKROOT = iphoneos;
				SWIFT_COMPILATION_MODE = wholemodule;
				SWIFT_OPTIMIZATION_LEVEL = "-O";
				VALIDATE_PRODUCT = YES;
			};
			name = Release;
		};
		69E317FF26491D0700C310C9 /* Debug */ = {
			isa = XCBuildConfiguration;
			buildSettings = {
				ASSETCATALOG_COMPILER_APPICON_NAME = AppIcon;
				ASSETCATALOG_COMPILER_GLOBAL_ACCENT_COLOR_NAME = AccentColor;
				CODE_SIGN_STYLE = Automatic;
				INFOPLIST_FILE = "Cafe~Manager/Info.plist";
				LD_RUNPATH_SEARCH_PATHS = (
					"$(inherited)",
					"@executable_path/Frameworks",
				);
				PRODUCT_BUNDLE_IDENTIFIER = "com.DilanJay.Cafe-Manager";
				PRODUCT_NAME = "$(TARGET_NAME)";
				SWIFT_VERSION = 5.0;
				TARGETED_DEVICE_FAMILY = "1,2";
			};
			name = Debug;
		};
		69E3180026491D0700C310C9 /* Release */ = {
			isa = XCBuildConfiguration;
			buildSettings = {
				ASSETCATALOG_COMPILER_APPICON_NAME = AppIcon;
				ASSETCATALOG_COMPILER_GLOBAL_ACCENT_COLOR_NAME = AccentColor;
				CODE_SIGN_STYLE = Automatic;
				INFOPLIST_FILE = "Cafe~Manager/Info.plist";
				LD_RUNPATH_SEARCH_PATHS = (
					"$(inherited)",
					"@executable_path/Frameworks",
				);
				PRODUCT_BUNDLE_IDENTIFIER = "com.DilanJay.Cafe-Manager";
				PRODUCT_NAME = "$(TARGET_NAME)";
				SWIFT_VERSION = 5.0;
				TARGETED_DEVICE_FAMILY = "1,2";
			};
			name = Release;
		};
		69E3180226491D0700C310C9 /* Debug */ = {
			isa = XCBuildConfiguration;
			buildSettings = {
				ALWAYS_EMBED_SWIFT_STANDARD_LIBRARIES = YES;
				BUNDLE_LOADER = "$(TEST_HOST)";
				CODE_SIGN_STYLE = Automatic;
				INFOPLIST_FILE = "Cafe~ManagerTests/Info.plist";
				IPHONEOS_DEPLOYMENT_TARGET = 14.4;
				LD_RUNPATH_SEARCH_PATHS = (
					"$(inherited)",
					"@executable_path/Frameworks",
					"@loader_path/Frameworks",
				);
				PRODUCT_BUNDLE_IDENTIFIER = "com.DilanJay.Cafe-ManagerTests";
				PRODUCT_NAME = "$(TARGET_NAME)";
				SWIFT_VERSION = 5.0;
				TARGETED_DEVICE_FAMILY = "1,2";
				TEST_HOST = "$(BUILT_PRODUCTS_DIR)/Cafe~Manager.app/Cafe~Manager";
			};
			name = Debug;
		};
		69E3180326491D0700C310C9 /* Release */ = {
			isa = XCBuildConfiguration;
			buildSettings = {
				ALWAYS_EMBED_SWIFT_STANDARD_LIBRARIES = YES;
				BUNDLE_LOADER = "$(TEST_HOST)";
				CODE_SIGN_STYLE = Automatic;
				INFOPLIST_FILE = "Cafe~ManagerTests/Info.plist";
				IPHONEOS_DEPLOYMENT_TARGET = 14.4;
				LD_RUNPATH_SEARCH_PATHS = (
					"$(inherited)",
					"@executable_path/Frameworks",
					"@loader_path/Frameworks",
				);
				PRODUCT_BUNDLE_IDENTIFIER = "com.DilanJay.Cafe-ManagerTests";
				PRODUCT_NAME = "$(TARGET_NAME)";
				SWIFT_VERSION = 5.0;
				TARGETED_DEVICE_FAMILY = "1,2";
				TEST_HOST = "$(BUILT_PRODUCTS_DIR)/Cafe~Manager.app/Cafe~Manager";
			};
			name = Release;
		};
		69E3180526491D0700C310C9 /* Debug */ = {
			isa = XCBuildConfiguration;
			buildSettings = {
				ALWAYS_EMBED_SWIFT_STANDARD_LIBRARIES = YES;
				CODE_SIGN_STYLE = Automatic;
				INFOPLIST_FILE = "Cafe~ManagerUITests/Info.plist";
				LD_RUNPATH_SEARCH_PATHS = (
					"$(inherited)",
					"@executable_path/Frameworks",
					"@loader_path/Frameworks",
				);
				PRODUCT_BUNDLE_IDENTIFIER = "com.DilanJay.Cafe-ManagerUITests";
				PRODUCT_NAME = "$(TARGET_NAME)";
				SWIFT_VERSION = 5.0;
				TARGETED_DEVICE_FAMILY = "1,2";
				TEST_TARGET_NAME = "Cafe~Manager";
			};
			name = Debug;
		};
		69E3180626491D0700C310C9 /* Release */ = {
			isa = XCBuildConfiguration;
			buildSettings = {
				ALWAYS_EMBED_SWIFT_STANDARD_LIBRARIES = YES;
				CODE_SIGN_STYLE = Automatic;
				INFOPLIST_FILE = "Cafe~ManagerUITests/Info.plist";
				LD_RUNPATH_SEARCH_PATHS = (
					"$(inherited)",
					"@executable_path/Frameworks",
					"@loader_path/Frameworks",
				);
				PRODUCT_BUNDLE_IDENTIFIER = "com.DilanJay.Cafe-ManagerUITests";
				PRODUCT_NAME = "$(TARGET_NAME)";
				SWIFT_VERSION = 5.0;
				TARGETED_DEVICE_FAMILY = "1,2";
				TEST_TARGET_NAME = "Cafe~Manager";
			};
			name = Release;
		};
/* End XCBuildConfiguration section */

/* Begin XCConfigurationList section */
		69E317CF26491D0400C310C9 /* Build configuration list for PBXProject "Cafe~Manager" */ = {
			isa = XCConfigurationList;
			buildConfigurations = (
				69E317FC26491D0700C310C9 /* Debug */,
				69E317FD26491D0700C310C9 /* Release */,
			);
			defaultConfigurationIsVisible = 0;
			defaultConfigurationName = Release;
		};
		69E317FE26491D0700C310C9 /* Build configuration list for PBXNativeTarget "Cafe~Manager" */ = {
			isa = XCConfigurationList;
			buildConfigurations = (
				69E317FF26491D0700C310C9 /* Debug */,
				69E3180026491D0700C310C9 /* Release */,
			);
			defaultConfigurationIsVisible = 0;
			defaultConfigurationName = Release;
		};
		69E3180126491D0700C310C9 /* Build configuration list for PBXNativeTarget "Cafe~ManagerTests" */ = {
			isa = XCConfigurationList;
			buildConfigurations = (
				69E3180226491D0700C310C9 /* Debug */,
				69E3180326491D0700C310C9 /* Release */,
			);
			defaultConfigurationIsVisible = 0;
			defaultConfigurationName = Release;
		};
		69E3180426491D0700C310C9 /* Build configuration list for PBXNativeTarget "Cafe~ManagerUITests" */ = {
			isa = XCConfigurationList;
			buildConfigurations = (
				69E3180526491D0700C310C9 /* Debug */,
				69E3180626491D0700C310C9 /* Release */,
			);
			defaultConfigurationIsVisible = 0;
			defaultConfigurationName = Release;
		};
/* End XCConfigurationList section */
	};
	rootObject = 69E317CC26491D0400C310C9 /* Project object */;
}
